
Microsoft Visual Studio Solution File, Format Version 12.00
# Visual Studio 15
VisualStudioVersion = 15.0.28010.2003
MinimumVisualStudioVersion = 10.0.40219.1
Project("{FAE04EC0-301F-11D3-BF4B-00C04F79EFBC}") = "WebAPIDemo", "WebAPIDemo\WebAPIDemo.csproj", "{722E82D0-CBEB-44F4-9FC7-86EF85DA5290}"
EndProject
Project("{FAE04EC0-301F-11D3-BF4B-00C04F79EFBC}") = "EmployeeDataAccess", "EmployeeDataAccess\EmployeeDataAccess.csproj", "{0DA805C0-A0B7-4A8C-B081-7EFD3E7B86BB}"
EndProject
Global
	GlobalSection(SolutionConfigurationPlatforms) = preSolution
		Debug|Any CPU = Debug|Any CPU
		Release|Any CPU = Release|Any CPU
	EndGlobalSection
	GlobalSection(ProjectConfigurationPlatforms) = postSolution
		{722E82D0-CBEB-44F4-9FC7-86EF85DA5290}.Debug|Any CPU.ActiveCfg = Debug|Any CPU
		{722E82D0-CBEB-44F4-9FC7-86EF85DA5290}.Debug|Any CPU.Build.0 = Debug|Any CPU
		{722E82D0-CBEB-44F4-9FC7-86EF85DA5290}.Release|Any CPU.ActiveCfg = Release|Any CPU
		{722E82D0-CBEB-44F4-9FC7-86EF85DA5290}.Release|Any CPU.Build.0 = Release|Any CPU
		{0DA805C0-A0B7-4A8C-B081-7EFD3E7B86BB}.Debug|Any CPU.ActiveCfg = Debug|Any CPU
		{0DA805C0-A0B7-4A8C-B081-7EFD3E7B86BB}.Debug|Any CPU.Build.0 = Debug|Any CPU
		{0DA805C0-A0B7-4A8C-B081-7EFD3E7B86BB}.Release|Any CPU.ActiveCfg = Release|Any CPU
		{0DA805C0-A0B7-4A8C-B081-7EFD3E7B86BB}.Release|Any CPU.Build.0 = Release|Any CPU
	EndGlobalSection
	GlobalSection(SolutionProperties) = preSolution
		HideSolutionNode = FALSE
	EndGlobalSection
	GlobalSection(ExtensibilityGlobals) = postSolution
		SolutionGuid = {77AF59EB-60C9-4C33-8681-D6AB63946853}
	EndGlobalSection
EndGlobal
